
Microsoft Visual Studio Solution File, Format Version 12.00
# Visual Studio Version 17
VisualStudioVersion = 17.12.35514.174
MinimumVisualStudioVersion = 10.0.40219.1
Project("{FAE04EC0-301F-11D3-BF4B-00C04F79EFBC}") = "LetsGetFunctional", "LetsGetFunctional\LetsGetFunctional.csproj", "{91D1FA38-37AE-47FC-B221-8DFAC27E806D}"
EndProject
Project("{FAE04EC0-301F-11D3-BF4B-00C04F79EFBC}") = "LetsGetFunctional.Tests", "LetsGetFunctional.Tests\LetsGetFunctional.Tests.csproj", "{A624C718-3DD8-4566-8C90-12D92BDFC429}"
EndProject
Global
	GlobalSection(SolutionConfigurationPlatforms) = preSolution
		Debug|Any CPU = Debug|Any CPU
		Release|Any CPU = Release|Any CPU
	EndGlobalSection
	GlobalSection(ProjectConfigurationPlatforms) = postSolution
		{91D1FA38-37AE-47FC-B221-8DFAC27E806D}.Debug|Any CPU.ActiveCfg = Debug|Any CPU
		{91D1FA38-37AE-47FC-B221-8DFAC27E806D}.Debug|Any CPU.Build.0 = Debug|Any CPU
		{91D1FA38-37AE-47FC-B221-8DFAC27E806D}.Release|Any CPU.ActiveCfg = Release|Any CPU
		{91D1FA38-37AE-47FC-B221-8DFAC27E806D}.Release|Any CPU.Build.0 = Release|Any CPU
		{A624C718-3DD8-4566-8C90-12D92BDFC429}.Debug|Any CPU.ActiveCfg = Debug|Any CPU
		{A624C718-3DD8-4566-8C90-12D92BDFC429}.Debug|Any CPU.Build.0 = Debug|Any CPU
		{A624C718-3DD8-4566-8C90-12D92BDFC429}.Release|Any CPU.ActiveCfg = Release|Any CPU
		{A624C718-3DD8-4566-8C90-12D92BDFC429}.Release|Any CPU.Build.0 = Release|Any CPU
	EndGlobalSection
	GlobalSection(SolutionProperties) = preSolution
		HideSolutionNode = FALSE
	EndGlobalSection
EndGlobal
